{
  "nodes": {
    "agenix": {
      "inputs": {
        "darwin": "darwin",
        "home-manager": "home-manager",
        "nixpkgs": [
          "nixpkgs"
        ],
        "systems": "systems"
      },
      "locked": {
        "lastModified": 1770165109,
        "narHash": "sha256-9VnK6Oqai65puVJ4WYtCTvlJeXxMzAp/69HhQuTdl/I=",
        "owner": "ryantm",
        "repo": "agenix",
        "rev": "b027ee29d959fda4b60b57566d64c98a202e0feb",
        "type": "github"
      },
      "original": {
        "owner": "ryantm",
        "repo": "agenix",
        "type": "github"
      }
    },
    "agent-skills-anthropic": {
      "flake": false,
      "locked": {
        "lastModified": 1784429754,
        "narHash": "sha256-9NhVfQ+rfco9GXL/8wdjBfA/QLyw7mhFkWdVhAEao/I=",
        "owner": "anthropics",
        "repo": "claude-code",
        "rev": "015170d3fd84fb57ef4685a64b673fadd0690dc1",
        "type": "github"
      },
      "original": {
        "owner": "anthropics",
        "repo": "claude-code",
        "type": "github"
      }
    },
    "agent-skills-vercel": {
      "flake": false,
      "locked": {
        "lastModified": 1784224436,
        "narHash": "sha256-lxf2ODxgwin83JHRrDynMccTFtCo+tYFb053XrS1IqA=",
        "owner": "vercel-labs",
        "repo": "skills",
        "rev": "777599e1159e401b11ce4c8a57c20f09a8f1596e",
        "type": "github"
      },
      "original": {
        "owner": "vercel-labs",
        "repo": "skills",
        "type": "github"
      }
    },
    "brew-src": {
      "flake": false,
      "locked": {
        "lastModified": 1784068757,
        "narHash": "sha256-7KnV7rTlMpys+2J+TFVxUDDyKPLXFs4wIMtckMC72VM=",
        "owner": "Homebrew",
        "repo": "brew",
        "rev": "6bd951d96e7ebc54787799dba77bfb26ec956c4c",
        "type": "github"
      },
      "original": {
        "owner": "Homebrew",
        "ref": "6.0.11",
        "repo": "brew",
        "type": "github"
      }
    },
    "darwin": {
      "inputs": {
        "nixpkgs": [
          "agenix",
          "nixpkgs"
        ]
      },
      "locked": {
        "lastModified": 1744478979,
        "narHash": "sha256-dyN+teG9G82G+m+PX/aSAagkC+vUv0SgUw3XkPhQodQ=",
        "owner": "lnl7",
        "repo": "nix-darwin",
        "rev": "43975d782b418ebf4969e9ccba82466728c2851b",
        "type": "github"
      },
      "original": {
        "owner": "lnl7",
        "ref": "master",
        "repo": "nix-darwin",
        "type": "github"
      }
    },
    "determinate": {
      "inputs": {
        "determinate-nixd-aarch64-darwin": "determinate-nixd-aarch64-darwin",
        "determinate-nixd-aarch64-linux": "determinate-nixd-aarch64-linux",
        "determinate-nixd-x86_64-linux": "determinate-nixd-x86_64-linux",
        "nix": "nix",
        "nixpkgs": "nixpkgs_2"
      },
      "locked": {
        "lastModified": 1784134975,
        "narHash": "sha256-OPK60XYJEwUmnI5eeF2sCJBJzm0JWt+tzCDHI69yvKU=",
        "rev": "e2a0eb345bf5d9c2ac0d2df26907e0881b99d6a3",
        "revCount": 428,
        "type": "tarball",
        "url": "https://api.flakehub.com/f/pinned/DeterminateSystems/determinate/3.21.7/019f66be-e2c8-7c52-b302-e6083daf3014/source.tar.gz"
      },
      "original": {
        "type": "tarball",
        "url": "https://flakehub.com/f/DeterminateSystems/determinate/%2A"
      }
    },
    "determinate-nixd-aarch64-darwin": {
      "flake": false,
      "locked": {
        "narHash": "sha256-GNBW3JQlaPp5QIvUSZnMfSbPhdEIWI5AQ4wiga/pb14=",
        "type": "file",
        "url": "https://install.determinate.systems/determinate-nixd/tag/v3.21.7/macOS"
      },
      "original": {
        "type": "file",
        "url": "https://install.determinate.systems/determinate-nixd/tag/v3.21.7/macOS"
      }
    },
    "determinate-nixd-aarch64-linux": {
      "flake": false,
      "locked": {
        "narHash": "sha256-/lYx8SGAuuNw0V1nlhyuRym3tkZAH+Oj1/CUdzgz0+s=",
        "type": "file",
        "url": "https://install.determinate.systems/determinate-nixd/tag/v3.21.7/aarch64-linux"
      },
      "original": {
        "type": "file",
        "url": "https://install.determinate.systems/determinate-nixd/tag/v3.21.7/aarch64-linux"
      }
    },
    "determinate-nixd-x86_64-linux": {
      "flake": false,
      "locked": {
        "narHash": "sha256-3JrcXRdrFvWsll/cnPLxSjrud5z6iRpxWGv1f44Tfkg=",
        "type": "file",
        "url": "https://install.determinate.systems/determinate-nixd/tag/v3.21.7/x86_64-linux"
      },
      "original": {
        "type": "file",
        "url": "https://install.determinate.systems/determinate-nixd/tag/v3.21.7/x86_64-linux"
      }
    },
    "flake-compat": {
      "flake": false,
      "locked": {
        "lastModified": 1696426674,
        "narHash": "sha256-kvjfFW7WAETZlt09AgDn1MrtKzP7t90Vf7vypd3OL1U=",
        "owner": "edolstra",
        "repo": "flake-compat",
        "rev": "0f9255e01c2351cc7d116c072cb317785dd33b33",
        "type": "github"
      },
      "original": {
        "owner": "edolstra",
        "repo": "flake-compat",
        "type": "github"
      }
    },
    "flake-compat_2": {
      "flake": false,
      "locked": {
        "lastModified": 1767039857,
        "narHash": "sha256-vNpUSpF5Nuw8xvDLj2KCwwksIbjua2LZCqhV1LNRDns=",
        "owner": "NixOS",
        "repo": "flake-compat",
        "rev": "5edf11c44bc78a0d334f6334cdaf7d60d732daab",
        "type": "github"
      },
      "original": {
        "owner": "NixOS",
        "repo": "flake-compat",
        "type": "github"
      }
    },
    "flake-parts": {
      "inputs": {
        "nixpkgs-lib": [
          "determinate",
          "nix",
          "nixpkgs"
        ]
      },
      "locked": {
        "lastModified": 1748821116,
        "narHash": "sha256-F82+gS044J1APL0n4hH50GYdPRv/5JWm34oCJYmVKdE=",
        "rev": "49f0870db23e8c1ca0b5259734a02cd9e1e371a1",
        "revCount": 377,
        "type": "tarball",
        "url": "https://api.flakehub.com/f/pinned/hercules-ci/flake-parts/0.1.377%2Brev-49f0870db23e8c1ca0b5259734a02cd9e1e371a1/01972f28-554a-73f8-91f4-d488cc502f08/source.tar.gz"
      },
      "original": {
        "type": "tarball",
        "url": "https://flakehub.com/f/hercules-ci/flake-parts/0.1"
      }
    },
    "flake-parts_2": {
      "inputs": {
        "nixpkgs-lib": [
          "terranix",
          "nixpkgs"
        ]
      },
      "locked": {
        "lastModified": 1778716662,
        "narHash": "sha256-m1Yf0wZ8j1OHjTc2UwHwyQRSnNeSgLJOd7q5Y45hzi4=",
        "owner": "hercules-ci",
        "repo": "flake-parts",
        "rev": "f7c1a2d347e4c52d5fb8d10cb4d94b5884e546fb",
        "type": "github"
      },
      "original": {
        "owner": "hercules-ci",
        "repo": "flake-parts",
        "type": "github"
      }
    },
    "git-hooks": {
      "inputs": {
        "flake-compat": "flake-compat_2",
        "nixpkgs": [
          "nixpkgs"
        ]
      },
      "locked": {
        "lastModified": 1784288435,
        "narHash": "sha256-ReRHaLgr/uVqdD8afFSn+myXIfpHeOhP0yYe0TJqAA8=",
        "owner": "cachix",
        "repo": "git-hooks.nix",
        "rev": "43b3c1ab9d40fb1dbb008f451988a91e375825e9",
        "type": "github"
      },
      "original": {
        "owner": "cachix",
        "repo": "git-hooks.nix",
        "type": "github"
      }
    },
    "git-hooks-nix": {
      "inputs": {
        "flake-compat": "flake-compat",
        "gitignore": [
          "determinate",
          "nix"
        ],
        "nixpkgs": [
          "determinate",
          "nix",
          "nixpkgs"
        ]
      },
      "locked": {
        "lastModified": 1747372754,
        "narHash": "sha256-2Y53NGIX2vxfie1rOW0Qb86vjRZ7ngizoo+bnXU9D9k=",
        "rev": "80479b6ec16fefd9c1db3ea13aeb038c60530f46",
        "revCount": 1026,
        "type": "tarball",
        "url": "https://api.flakehub.com/f/pinned/cachix/git-hooks.nix/0.1.1026%2Brev-80479b6ec16fefd9c1db3ea13aeb038c60530f46/0196d79a-1b35-7b8e-a021-c894fb62163d/source.tar.gz"
      },
      "original": {
        "type": "tarball",
        "url": "https://flakehub.com/f/cachix/git-hooks.nix/0.1.941"
      }
    },
    "home-manager": {
      "inputs": {
        "nixpkgs": [
          "agenix",
          "nixpkgs"
        ]
      },
      "locked": {
        "lastModified": 1745494811,
        "narHash": "sha256-YZCh2o9Ua1n9uCvrvi5pRxtuVNml8X2a03qIFfRKpFs=",
        "owner": "nix-community",
        "repo": "home-manager",
        "rev": "abfad3d2958c9e6300a883bd443512c55dfeb1be",
        "type": "github"
      },
      "original": {
        "owner": "nix-community",
        "repo": "home-manager",
        "type": "github"
      }
    },
    "home-manager_2": {
      "inputs": {
        "nixpkgs": [
          "nixpkgs"
        ]
      },
      "locked": {
        "lastModified": 1784489491,
        "narHash": "sha256-j9maqjx1T8+ljAVntAdSI5hSGCm77QNZz64JF1rJNu0=",
        "owner": "nix-community",
        "repo": "home-manager",
        "rev": "3139deb8cafbe73b39b24451255b2fdd3426077e",
        "type": "github"
      },
      "original": {
        "owner": "nix-community",
        "repo": "home-manager",
        "type": "github"
      }
    },
    "import-tree": {
      "locked": {
        "lastModified": 1784254960,
        "narHash": "sha256-iI88R3wHz8wTKQb5orvpc51L/Xr64AJyxid/0MKa/b8=",
        "owner": "vic",
        "repo": "import-tree",
        "rev": "4ebb10ae17d5f1ad366e7aef5b92cb8eecf24f69",
        "type": "github"
      },
      "original": {
        "owner": "vic",
        "repo": "import-tree",
        "type": "github"
      }
    },
    "libcamera-src": {
      "flake": false,
      "locked": {
        "lastModified": 1725630279,
        "narHash": "sha256-KH30jmHfxXq4j2CL7kv18DYECJRp9ECuWNPnqPZajPA=",
        "owner": "raspberrypi",
        "repo": "libcamera",
        "rev": "69a894c4adad524d3063dd027f5c4774485cf9db",
        "type": "github"
      },
      "original": {
        "owner": "raspberrypi",
        "repo": "libcamera",
        "rev": "69a894c4adad524d3063dd027f5c4774485cf9db",
        "type": "github"
      }
    },
    "libpisp-src": {
      "flake": false,
      "locked": {
        "lastModified": 1724944683,
        "narHash": "sha256-Fo2UJmQHS855YSSKKmGrsQnJzXog1cdpkIOO72yYAM4=",
        "owner": "raspberrypi",
        "repo": "libpisp",
        "rev": "28196ed6edcfeda88d23cc5f213d51aa6fa17bb3",
        "type": "github"
      },
      "original": {
        "owner": "raspberrypi",
        "ref": "v1.0.7",
        "repo": "libpisp",
        "type": "github"
      }
    },
    "mcp-servers-nix": {
      "inputs": {
        "nixpkgs": [
          "nixpkgs"
        ]
      },
      "locked": {
        "lastModified": 1784293699,
        "narHash": "sha256-NU0hTN14YgxSrTDU0ELAF7i5gjsqHxI9AsbS38nAO/4=",
        "owner": "natsukium",
        "repo": "mcp-servers-nix",
        "rev": "9537416185661acf10c59cec4886105f60bf2a7e",
        "type": "github"
      },
      "original": {
        "owner": "natsukium",
        "repo": "mcp-servers-nix",
        "type": "github"
      }
    },
    "nix": {
      "inputs": {
        "flake-parts": "flake-parts",
        "git-hooks-nix": "git-hooks-nix",
        "nixpkgs": "nixpkgs",
        "nixpkgs-23-11": "nixpkgs-23-11",
        "nixpkgs-regression": "nixpkgs-regression"
      },
      "locked": {
        "lastModified": 1784130988,
        "narHash": "sha256-2/DfNkCVKAv/Zbj7bW+8+aH39Ybc5DE3OEUZCEzzqc4=",
        "rev": "469a08e76a130e51b7a9f5df1fcc48b7d4d4cd42",
        "revCount": 26267,
        "type": "tarball",
        "url": "https://api.flakehub.com/f/pinned/DeterminateSystems/nix-src/3.21.7/019f66b5-938d-7930-9213-03e0658b3403/source.tar.gz"
      },
      "original": {
        "type": "tarball",
        "url": "https://flakehub.com/f/DeterminateSystems/nix-src/%2A"
      }
    },
    "nix-darwin": {
      "inputs": {
        "nixpkgs": [
          "nixpkgs"
        ]
      },
      "locked": {
        "lastModified": 1784500460,
        "narHash": "sha256-UvORnAxTRHax7RG74W8Z2t4GvIkX6AjJ5kk0QlwZomo=",
        "owner": "LnL7",
        "repo": "nix-darwin",
        "rev": "57a3171f94705599a2499248ca5758d5eb47c0e0",
        "type": "github"
      },
      "original": {
        "owner": "LnL7",
        "repo": "nix-darwin",
        "type": "github"
      }
    },
    "nix-homebrew": {
      "inputs": {
        "brew-src": "brew-src"
      },
      "locked": {
        "lastModified": 1784159664,
        "narHash": "sha256-I/B6YoRLImHEqNWh8bs+tPjEDeteACeFhcLyoSMo1GE=",
        "owner": "zhaofengli",
        "repo": "nix-homebrew",
        "rev": "842eeb863ecca0eeb463f7a814cdc51e1d925776",
        "type": "github"
      },
      "original": {
        "owner": "zhaofengli",
        "repo": "nix-homebrew",
        "type": "github"
      }
    },
    "nix-vscode-extensions": {
      "inputs": {
        "nixpkgs": [
          "nixpkgs"
        ]
      },
      "locked": {
        "lastModified": 1784518658,
        "narHash": "sha256-XzsY3mSStyY1OEEQvYg7Mj8YTAaxz7FFbVRa5xlm40g=",
        "owner": "nix-community",
        "repo": "nix-vscode-extensions",
        "rev": "e6d84a0cde8a08f33e962d1a347d2aa8688b2e99",
        "type": "github"
      },
      "original": {
        "owner": "nix-community",
        "repo": "nix-vscode-extensions",
        "type": "github"
      }
    },
    "nixpkgs": {
      "locked": {
        "lastModified": 1782767157,
        "narHash": "sha256-db/8NgfehQlPNt8rMY0J1gvwzTaURU/foM7y/AQimIM=",
        "rev": "1d4e0f865d68258aada31e68e6d79c8c463f3b34",
        "revCount": 914302,
        "type": "tarball",
        "url": "https://api.flakehub.com/f/pinned/NixOS/nixpkgs/0.2511.914302%2Brev-1d4e0f865d68258aada31e68e6d79c8c463f3b34/019f1c78-b5ab-7af2-8516-c0d5406b0646/source.tar.gz"
      },
      "original": {
        "type": "tarball",
        "url": "https://flakehub.com/f/NixOS/nixpkgs/0.2511"
      }
    },
    "nixpkgs-23-11": {
      "locked": {
        "lastModified": 1717159533,
        "narHash": "sha256-oamiKNfr2MS6yH64rUn99mIZjc45nGJlj9eGth/3Xuw=",
        "owner": "NixOS",
        "repo": "nixpkgs",
        "rev": "a62e6edd6d5e1fa0329b8653c801147986f8d446",
        "type": "github"
      },
      "original": {
        "owner": "NixOS",
        "repo": "nixpkgs",
        "rev": "a62e6edd6d5e1fa0329b8653c801147986f8d446",
        "type": "github"
      }
    },
    "nixpkgs-regression": {
      "locked": {
        "lastModified": 1643052045,
        "narHash": "sha256-uGJ0VXIhWKGXxkeNnq4TvV3CIOkUJ3PAoLZ3HMzNVMw=",
        "owner": "NixOS",
        "repo": "nixpkgs",
        "rev": "215d4d0fd80ca5163643b03a33fde804a29cc1e2",
        "type": "github"
      },
      "original": {
        "owner": "NixOS",
        "repo": "nixpkgs",
        "rev": "215d4d0fd80ca5163643b03a33fde804a29cc1e2",
        "type": "github"
      }
    },
    "nixpkgs_2": {
      "locked": {
        "lastModified": 1783224372,
        "narHash": "sha256-8i/87eeoqiGE4yOTjwSA3Eh/ziJRQEmd/unYU+K27sk=",
        "rev": "d407951447dcd00442e97087bf374aad70c04cea",
        "revCount": 1027867,
        "type": "tarball",
        "url": "https://api.flakehub.com/f/pinned/DeterminateSystems/nixpkgs-weekly/0.1.1027867%2Brev-d407951447dcd00442e97087bf374aad70c04cea/019f5f44-877c-7d13-9197-5add91357247/source.tar.gz"
      },
      "original": {
        "type": "tarball",
        "url": "https://flakehub.com/f/DeterminateSystems/nixpkgs-weekly/0.1"
      }
    },
    "nixpkgs_3": {
      "locked": {
        "lastModified": 1784356753,
        "narHash": "sha256-12KrbMiWLcf8m7pCvAtZh1ZrgF85ZXDXvfR/fWTKy84=",
        "owner": "NixOS",
        "repo": "nixpkgs",
        "rev": "61b7c44c4073f0b827768aff0049561b5110ea5a",
        "type": "github"
      },
      "original": {
        "owner": "NixOS",
        "ref": "nixos-unstable",
        "repo": "nixpkgs",
        "type": "github"
      }
    },
    "raspberry-pi-nix": {
      "inputs": {
        "libcamera-src": "libcamera-src",
        "libpisp-src": "libpisp-src",
        "nixpkgs": [
          "nixpkgs"
        ],
        "rpi-bluez-firmware-src": "rpi-bluez-firmware-src",
        "rpi-firmware-nonfree-src": "rpi-firmware-nonfree-src",
        "rpi-firmware-src": "rpi-firmware-src",
        "rpi-linux-6_12_17-src": "rpi-linux-6_12_17-src",
        "rpi-linux-6_6_78-src": "rpi-linux-6_6_78-src",
        "rpi-linux-stable-src": "rpi-linux-stable-src",
        "rpicam-apps-src": "rpicam-apps-src"
      },
      "locked": {
        "lastModified": 1742223591,
        "narHash": "sha256-ZNTz8r5jlJ1jvpqf5+aUYgpnYJSVX0iP14doOc1Hm0E=",
        "owner": "nix-community",
        "repo": "raspberry-pi-nix",
        "rev": "3e8100d5e976a6a2be363015cb33463af9ef441a",
        "type": "github"
      },
      "original": {
        "owner": "nix-community",
        "repo": "raspberry-pi-nix",
        "type": "github"
      }
    },
    "root": {
      "inputs": {
        "agenix": "agenix",
        "agent-skills-anthropic": "agent-skills-anthropic",
        "agent-skills-vercel": "agent-skills-vercel",
        "determinate": "determinate",
        "git-hooks": "git-hooks",
        "home-manager": "home-manager_2",
        "mcp-servers-nix": "mcp-servers-nix",
        "nix-darwin": "nix-darwin",
        "nix-homebrew": "nix-homebrew",
        "nix-vscode-extensions": "nix-vscode-extensions",
        "nixpkgs": "nixpkgs_3",
        "raspberry-pi-nix": "raspberry-pi-nix",
        "terranix": "terranix",
        "treefmt-nix": "treefmt-nix"
      }
    },
    "rpi-bluez-firmware-src": {
      "flake": false,
      "locked": {
        "lastModified": 1708969706,
        "narHash": "sha256-KakKnOBeWxh0exu44beZ7cbr5ni4RA9vkWYb9sGMb8Q=",
        "owner": "RPi-Distro",
        "repo": "bluez-firmware",
        "rev": "78d6a07730e2d20c035899521ab67726dc028e1c",
        "type": "github"
      },
      "original": {
        "owner": "RPi-Distro",
        "ref": "bookworm",
        "repo": "bluez-firmware",
        "type": "github"
      }
    },
    "rpi-firmware-nonfree-src": {
      "flake": false,
      "locked": {
        "lastModified": 1723266537,
        "narHash": "sha256-T7eTKXqY9cxEMdab8Snda4CEOrEihy5uOhA6Fy+Mhnw=",
        "owner": "RPi-Distro",
        "repo": "firmware-nonfree",
        "rev": "4b356e134e8333d073bd3802d767a825adec3807",
        "type": "github"
      },
      "original": {
        "owner": "RPi-Distro",
        "ref": "bookworm",
        "repo": "firmware-nonfree",
        "type": "github"
      }
    },
    "rpi-firmware-src": {
      "flake": false,
      "locked": {
        "lastModified": 1728405098,
        "narHash": "sha256-4gnK0KbqFnjBmWia9Jt2gveVWftmHrprpwBqYVqE/k0=",
        "owner": "raspberrypi",
        "repo": "firmware",
        "rev": "7bbb5f80d20a2335066a8781459c9f33e5eebc64",
        "type": "github"
      },
      "original": {
        "owner": "raspberrypi",
        "ref": "1.20241008",
        "repo": "firmware",
        "type": "github"
      }
    },
    "rpi-linux-6_12_17-src": {
      "flake": false,
      "locked": {
        "lastModified": 1740765145,
        "narHash": "sha256-hoCsGc4+RC/2LmxDtswLBL5ZhWlw4vSiL4Vkl39r2MU=",
        "owner": "raspberrypi",
        "repo": "linux",
        "rev": "5985ce32e511f4e8279a841a1b06a8c7d972b386",
        "type": "github"
      },
      "original": {
        "owner": "raspberrypi",
        "ref": "rpi-6.12.y",
        "repo": "linux",
        "type": "github"
      }
    },
    "rpi-linux-6_6_78-src": {
      "flake": false,
      "locked": {
        "lastModified": 1740503700,
        "narHash": "sha256-Y8+ot4Yi3UKwlZK3ap15rZZ16VZDvmeFkD46+6Ku7bE=",
        "owner": "raspberrypi",
        "repo": "linux",
        "rev": "2e071057fded90e789c0101498e45a1778be93fe",
        "type": "github"
      },
      "original": {
        "owner": "raspberrypi",
        "ref": "rpi-6.6.y",
        "repo": "linux",
        "type": "github"
      }
    },
    "rpi-linux-stable-src": {
      "flake": false,
      "locked": {
        "lastModified": 1728403745,
        "narHash": "sha256-phCxkuO+jUGZkfzSrBq6yErQeO2Td+inIGHxctXbD5U=",
        "owner": "raspberrypi",
        "repo": "linux",
        "rev": "5aeecea9f4a45248bcf564dec924965e066a7bfd",
        "type": "github"
      },
      "original": {
        "owner": "raspberrypi",
        "ref": "stable_20241008",
        "repo": "linux",
        "type": "github"
      }
    },
    "rpicam-apps-src": {
      "flake": false,
      "locked": {
        "lastModified": 1727515047,
        "narHash": "sha256-qCYGrcibOeGztxf+sd44lD6VAOGoUNwRqZDdAmcTa/U=",
        "owner": "raspberrypi",
        "repo": "rpicam-apps",
        "rev": "a8ccf9f3cd9df49875dfb834a2b490d41d226031",
        "type": "github"
      },
      "original": {
        "owner": "raspberrypi",
        "ref": "v1.5.2",
        "repo": "rpicam-apps",
        "type": "github"
      }
    },
    "systems": {
      "locked": {
        "lastModified": 1681028828,
        "narHash": "sha256-Vy1rq5AaRuLzOxct8nz4T6wlgyUR7zLU309k9mBC768=",
        "owner": "nix-systems",
        "repo": "default",
        "rev": "da67096a3b9bf56a91d16901293e51ba5b49a27e",
        "type": "github"
      },
      "original": {
        "owner": "nix-systems",
        "repo": "default",
        "type": "github"
      }
    },
    "systems_2": {
      "locked": {
        "lastModified": 1681028828,
        "narHash": "sha256-Vy1rq5AaRuLzOxct8nz4T6wlgyUR7zLU309k9mBC768=",
        "owner": "nix-systems",
        "repo": "default",
        "rev": "da67096a3b9bf56a91d16901293e51ba5b49a27e",
        "type": "github"
      },
      "original": {
        "owner": "nix-systems",
        "repo": "default",
        "type": "github"
      }
    },
    "terranix": {
      "inputs": {
        "flake-parts": "flake-parts_2",
        "import-tree": "import-tree",
        "nixpkgs": [
          "nixpkgs"
        ],
        "systems": "systems_2"
      },
      "locked": {
        "lastModified": 1784465933,
        "narHash": "sha256-5fZTF5lCVnHisTmXICtIIjHAEsqDXx3RgD+Q/r5Bxpg=",
        "owner": "terranix",
        "repo": "terranix",
        "rev": "f2f0ca1895f15e18e308769bdae77030ae093b8c",
        "type": "github"
      },
      "original": {
        "owner": "terranix",
        "repo": "terranix",
        "type": "github"
      }
    },
    "treefmt-nix": {
      "inputs": {
        "nixpkgs": [
          "nixpkgs"
        ]
      },
      "locked": {
        "lastModified": 1784369104,
        "narHash": "sha256-47cxbcZODibHv3rELFQ9vZly0vUNkND/atn/U7HLeb0=",
        "owner": "numtide",
        "repo": "treefmt-nix",
        "rev": "df3c0640565d04a0261253cdd89fce78ec50168a",
        "type": "github"
      },
      "original": {
        "owner": "numtide",
        "repo": "treefmt-nix",
        "type": "github"
      }
    }
  },
  "root": "root",
  "version": 7
}
